
Microsoft Visual Studio Solution File, Format Version 12.00
# Visual Studio Version 17
VisualStudioVersion = 17.14.36202.13
MinimumVisualStudioVersion = 10.0.40219.1
Project("{FAE04EC0-301F-11D3-BF4B-00C04F79EFBC}") = "Desktop", "Desktop\Desktop.csproj", "{CAC89517-FD2D-4B5E-B1F1-64E2EC3B44DB}"
EndProject
Project("{FAE04EC0-301F-11D3-BF4B-00C04F79EFBC}") = "Todo.Entities", "Todo.Entities\Todo.Entities.csproj", "{A9C75EFF-A7FC-4626-AC8D-308A442E15FC}"
EndProject
Global
	GlobalSection(SolutionConfigurationPlatforms) = preSolution
		Debug|Any CPU = Debug|Any CPU
		Release|Any CPU = Release|Any CPU
	EndGlobalSection
	GlobalSection(ProjectConfigurationPlatforms) = postSolution
		{CAC89517-FD2D-4B5E-B1F1-64E2EC3B44DB}.Debug|Any CPU.ActiveCfg = Debug|Any CPU
		{CAC89517-FD2D-4B5E-B1F1-64E2EC3B44DB}.Debug|Any CPU.Build.0 = Debug|Any CPU
		{CAC89517-FD2D-4B5E-B1F1-64E2EC3B44DB}.Release|Any CPU.ActiveCfg = Release|Any CPU
		{CAC89517-FD2D-4B5E-B1F1-64E2EC3B44DB}.Release|Any CPU.Build.0 = Release|Any CPU
		{A9C75EFF-A7FC-4626-AC8D-308A442E15FC}.Debug|Any CPU.ActiveCfg = Debug|Any CPU
		{A9C75EFF-A7FC-4626-AC8D-308A442E15FC}.Debug|Any CPU.Build.0 = Debug|Any CPU
		{A9C75EFF-A7FC-4626-AC8D-308A442E15FC}.Release|Any CPU.ActiveCfg = Release|Any CPU
		{A9C75EFF-A7FC-4626-AC8D-308A442E15FC}.Release|Any CPU.Build.0 = Release|Any CPU
	EndGlobalSection
	GlobalSection(SolutionProperties) = preSolution
		HideSolutionNode = FALSE
	EndGlobalSection
	GlobalSection(ExtensibilityGlobals) = postSolution
		SolutionGuid = {6E30A118-5415-4B1B-8F3C-0D0298772308}
	EndGlobalSection
EndGlobal
